<?xml version="1.0" encoding="utf-8"?>
<Project ToolsVersion="4.0" xmlns="http://schemas.microsoft.com/developer/msbuild/2003">
  <ItemGroup>
    <Filter Include="include">
      <UniqueIdentifier>{d6621b9b-04e0-41ba-9eca-9834e0403754}</UniqueIdentifier>
    </Filter>
  </ItemGroup>
  <ItemGroup>
    <ClCompile Include="include\rtc3expl.cpp">
      <Filter>include</Filter>
    </ClCompile>
    <ClCompile Include="include\rtc4expl.cpp">
      <Filter>include</Filter>
    </ClCompile>
    <ClCompile Include="include\rtc5expl.cpp">
      <Filter>include</Filter>
    </ClCompile>
    <ClCompile Include="include\rtc3.cpp">
      <Filter>include</Filter>
    </ClCompile>
    <ClCompile Include="include\rtc4.cpp">
      <Filter>include</Filter>
    </ClCompile>
    <ClCompile Include="include\rtc5.cpp">
      <Filter>include</Filter>
    </ClCompile>
    <ClCompile Include="include\rtc.cpp">
      <Filter>include</Filter>
    </ClCompile>
    <ClCompile Include="include\rtc6.cpp">
      <Filter>include</Filter>
    </ClCompile>
    <ClCompile Include="include\rtc6ethernet.cpp">
      <Filter>include</Filter>
    </ClCompile>
    <ClCompile Include="include\rtc6expl.cpp">
      <Filter>include</Filter>
    </ClCompile>
    <ClCompile Include="rtctestcase.cpp">
      <Filter>include</Filter>
    </ClCompile>
    <ClCompile Include="include\rtcutil.cpp">
      <Filter>include</Filter>
    </ClCompile>
  </ItemGroup>
  <ItemGroup>
    <ClInclude Include="include\rtc3expl.h">
      <Filter>include</Filter>
    </ClInclude>
    <ClInclude Include="include\rtc4expl.h">
      <Filter>include</Filter>
    </ClInclude>
    <ClInclude Include="include\rtc5expl.h">
      <Filter>include</Filter>
    </ClInclude>
    <ClInclude Include="include\rtc3.h">
      <Filter>include</Filter>
    </ClInclude>
    <ClInclude Include="include\rtc4.h">
      <Filter>include</Filter>
    </ClInclude>
    <ClInclude Include="include\rtc5.h">
      <Filter>include</Filter>
    </ClInclude>
    <ClInclude Include="include\rtc.h">
      <Filter>include</Filter>
    </ClInclude>
    <ClInclude Include="include\rtc6.h">
      <Filter>include</Filter>
    </ClInclude>
    <ClInclude Include="include\rtc6ethernet.h">
      <Filter>include</Filter>
    </ClInclude>
    <ClInclude Include="include\rtc6expl.h">
      <Filter>include</Filter>
    </ClInclude>
    <ClInclude Include="include\rtcutil.h">
      <Filter>include</Filter>
    </ClInclude>
  </ItemGroup>
  <ItemGroup>
    <Text Include="..\README.txt" />
  </ItemGroup>
</Project>